// !$*UTF8*$!
{
	archiveVersion = 1;
	classes = {
	};
	objectVersion = 46;
	objects = {

/* Begin PBXBuildFile section */
		2EA234AFE6E3F152D4BF143B /* libPods-ShipIO.a in Frameworks */ = {isa = PBXBuildFile; fileRef = B448FCC9C659B322A8A3FBFA /* libPods-ShipIO.a */; };
		8436F4A21AC6F82800A68887 /* main.m in Sources */ = {isa = PBXBuildFile; fileRef = 8436F4A11AC6F82800A68887 /* main.m */; };
		8436F4A51AC6F82800A68887 /* AppDelegate.m in Sources */ = {isa = PBXBuildFile; fileRef = 8436F4A41AC6F82800A68887 /* AppDelegate.m */; };
		8436F4A81AC6F82800A68887 /* ViewController.m in Sources */ = {isa = PBXBuildFile; fileRef = 8436F4A71AC6F82800A68887 /* ViewController.m */; };
		8436F4AB1AC6F82800A68887 /* Main.storyboard in Resources */ = {isa = PBXBuildFile; fileRef = 8436F4A91AC6F82800A68887 /* Main.storyboard */; };
		8436F4AD1AC6F82800A68887 /* Images.xcassets in Resources */ = {isa = PBXBuildFile; fileRef = 8436F4AC1AC6F82800A68887 /* Images.xcassets */; };
		8436F4B01AC6F82800A68887 /* LaunchScreen.xib in Resources */ = {isa = PBXBuildFile; fileRef = 8436F4AE1AC6F82800A68887 /* LaunchScreen.xib */; };
		8436F4BC1AC6F82800A68887 /* ShipIOTests.m in Sources */ = {isa = PBXBuildFile; fileRef = 8436F4BB1AC6F82800A68887 /* ShipIOTests.m */; };
/* End PBXBuildFile section */

/* Begin PBXContainerItemProxy section */
		8436F4B61AC6F82800A68887 /* PBXContainerItemProxy */ = {
			isa = PBXContainerItemProxy;
			containerPortal = 8436F4941AC6F82800A68887 /* Project object */;
			proxyType = 1;
			remoteGlobalIDString = 8436F49B1AC6F82800A68887;
			remoteInfo = ShipIO;
		};
/* End PBXContainerItemProxy section */

/* Begin PBXFileReference section */
		3358EF473C4710054A90A055 /* Pods-ShipIO.release.xcconfig */ = {isa = PBXFileReference; includeInIndex = 1; lastKnownFileType = text.xcconfig; name = "Pods-ShipIO.release.xcconfig"; path = "Pods/Target Support Files/Pods-ShipIO/Pods-ShipIO.release.xcconfig"; sourceTree = "<group>"; };
		8436F49C1AC6F82800A68887 /* ShipIO.app */ = {isa = PBXFileReference; explicitFileType = wrapper.application; includeInIndex = 0; path = ShipIO.app; sourceTree = BUILT_PRODUCTS_DIR; };
		8436F4A01AC6F82800A68887 /* Info.plist */ = {isa = PBXFileReference; lastKnownFileType = text.plist.xml; path = Info.plist; sourceTree = "<group>"; };
		8436F4A11AC6F82800A68887 /* main.m */ = {isa = PBXFileReference; lastKnownFileType = sourcecode.c.objc; path = main.m; sourceTree = "<group>"; };
		8436F4A31AC6F82800A68887 /* AppDelegate.h */ = {isa = PBXFileReference; lastKnownFileType = sourcecode.c.h; path = AppDelegate.h; sourceTree = "<group>"; };
		8436F4A41AC6F82800A68887 /* AppDelegate.m */ = {isa = PBXFileReference; lastKnownFileType = sourcecode.c.objc; path = AppDelegate.m; sourceTree = "<group>"; };
		8436F4A61AC6F82800A68887 /* ViewController.h */ = {isa = PBXFileReference; lastKnownFileType = sourcecode.c.h; path = ViewController.h; sourceTree = "<group>"; };
		8436F4A71AC6F82800A68887 /* ViewController.m */ = {isa = PBXFileReference; lastKnownFileType = sourcecode.c.objc; path = ViewController.m; sourceTree = "<group>"; };
		8436F4AA1AC6F82800A68887 /* Base */ = {isa = PBXFileReference; lastKnownFileType = file.storyboard; name = Base; path = Base.lproj/Main.storyboard; sourceTree = "<group>"; };
		8436F4AC1AC6F82800A68887 /* Images.xcassets */ = {isa = PBXFileReference; lastKnownFileType = folder.assetcatalog; path = Images.xcassets; sourceTree = "<group>"; };
		8436F4AF1AC6F82800A68887 /* Base */ = {isa = PBXFileReference; lastKnownFileType = file.xib; name = Base; path = Base.lproj/LaunchScreen.xib; sourceTree = "<group>"; };
		8436F4B51AC6F82800A68887 /* ShipIOTests.xctest */ = {isa = PBXFileReference; explicitFileType = wrapper.cfbundle; includeInIndex = 0; path = ShipIOTests.xctest; sourceTree = BUILT_PRODUCTS_DIR; };
		8436F4BA1AC6F82800A68887 /* Info.plist */ = {isa = PBXFileReference; lastKnownFileType = text.plist.xml; path = Info.plist; sourceTree = "<group>"; };
		8436F4BB1AC6F82800A68887 /* ShipIOTests.m */ = {isa = PBXFileReference; lastKnownFileType = sourcecode.c.objc; path = ShipIOTests.m; sourceTree = "<group>"; };
		B448FCC9C659B322A8A3FBFA /* libPods-ShipIO.a */ = {isa = PBXFileReference; explicitFileType = archive.ar; includeInIndex = 0; path = "libPods-ShipIO.a"; sourceTree = BUILT_PRODUCTS_DIR; };
		FE5C189B06F28CAA261BD158 /* Pods-ShipIO.debug.xcconfig */ = {isa = PBXFileReference; includeInIndex = 1; lastKnownFileType = text.xcconfig; name = "Pods-ShipIO.debug.xcconfig"; path = "Pods/Target Support Files/Pods-ShipIO/Pods-ShipIO.debug.xcconfig"; sourceTree = "<group>"; };
/* End PBXFileReference section */

/* Begin PBXFrameworksBuildPhase section */
		8436F4991AC6F82800A68887 /* Frameworks */ = {
			isa = PBXFrameworksBuildPhase;
			buildActionMask = 2147483647;
			files = (
				2EA234AFE6E3F152D4BF143B /* libPods-ShipIO.a in Frameworks */,
			);
			runOnlyForDeploymentPostprocessing = 0;
		};
		8436F4B21AC6F82800A68887 /* Frameworks */ = {
			isa = PBXFrameworksBuildPhase;
			buildActionMask = 2147483647;
			files = (
			);
			runOnlyForDeploymentPostprocessing = 0;
		};
/* End PBXFrameworksBuildPhase section */

/* Begin PBXGroup section */
		44B0576C0B603C4949D11017 /* Pods */ = {
			isa = PBXGroup;
			children = (
				FE5C189B06F28CAA261BD158 /* Pods-ShipIO.debug.xcconfig */,
				3358EF473C4710054A90A055 /* Pods-ShipIO.release.xcconfig */,
			);
			name = Pods;
			sourceTree = "<group>";
		};
		8436F4931AC6F82800A68887 = {
			isa = PBXGroup;
			children = (
				8436F49E1AC6F82800A68887 /* ShipIO */,
				8436F4B81AC6F82800A68887 /* ShipIOTests */,
				8436F49D1AC6F82800A68887 /* Products */,
				44B0576C0B603C4949D11017 /* Pods */,
				BDB85F628B352C32C5211E1F /* Frameworks */,
			);
			sourceTree = "<group>";
		};
		8436F49D1AC6F82800A68887 /* Products */ = {
			isa = PBXGroup;
			children = (
				8436F49C1AC6F82800A68887 /* ShipIO.app */,
				8436F4B51AC6F82800A68887 /* ShipIOTests.xctest */,
			);
			name = Products;
			sourceTree = "<group>";
		};
		8436F49E1AC6F82800A68887 /* ShipIO */ = {
			isa = PBXGroup;
			children = (
				8436F4A31AC6F82800A68887 /* AppDelegate.h */,
				8436F4A41AC6F82800A68887 /* AppDelegate.m */,
				8436F4A61AC6F82800A68887 /* ViewController.h */,
				8436F4A71AC6F82800A68887 /* ViewController.m */,
				8436F4A91AC6F82800A68887 /* Main.storyboard */,
				8436F4AC1AC6F82800A68887 /* Images.xcassets */,
				8436F4AE1AC6F82800A68887 /* LaunchScreen.xib */,
				8436F49F1AC6F82800A68887 /* Supporting Files */,
			);
			path = ShipIO;
			sourceTree = "<group>";
		};
		8436F49F1AC6F82800A68887 /* Supporting Files */ = {
			isa = PBXGroup;
			children = (
				8436F4A01AC6F82800A68887 /* Info.plist */,
				8436F4A11AC6F82800A68887 /* main.m */,
			);
			name = "Supporting Files";
			sourceTree = "<group>";
		};
		8436F4B81AC6F82800A68887 /* ShipIOTests */ = {
			isa = PBXGroup;
			children = (
				8436F4BB1AC6F82800A68887 /* ShipIOTests.m */,
				8436F4B91AC6F82800A68887 /* Supporting Files */,
			);
			path = ShipIOTests;
			sourceTree = "<group>";
		};
		8436F4B91AC6F82800A68887 /* Supporting Files */ = {
			isa = PBXGroup;
			children = (
				8436F4BA1AC6F82800A68887 /* Info.plist */,
			);
			name = "Supporting Files";
			sourceTree = "<group>";
		};
		BDB85F628B352C32C5211E1F /* Frameworks */ = {
			isa = PBXGroup;
			children = (
				B448FCC9C659B322A8A3FBFA /* libPods-ShipIO.a */,
			);
			name = Frameworks;
			sourceTree = "<group>";
		};
/* End PBXGroup section */

/* Begin PBXNativeTarget section */
		8436F49B1AC6F82800A68887 /* ShipIO */ = {
			isa = PBXNativeTarget;
			buildConfigurationList = 8436F4BF1AC6F82800A68887 /* Build configuration list for PBXNativeTarget "ShipIO" */;
			buildPhases = (
				FF7744C6CD87708208ED4B66 /* Check Pods Manifest.lock */,
				8436F4981AC6F82800A68887 /* Sources */,
				8436F4991AC6F82800A68887 /* Frameworks */,
				8436F49A1AC6F82800A68887 /* Resources */,
				F7A08F1038F02BE809F08252 /* Copy Pods Resources */,
			);
			buildRules = (
			);
			dependencies = (
			);
			name = ShipIO;
			productName = ShipIO;
			productReference = 8436F49C1AC6F82800A68887 /* ShipIO.app */;
			productType = "com.apple.product-type.application";
		};
		8436F4B41AC6F82800A68887 /* ShipIOTests */ = {
			isa = PBXNativeTarget;
			buildConfigurationList = 8436F4C21AC6F82800A68887 /* Build configuration list for PBXNativeTarget "ShipIOTests" */;
			buildPhases = (
				8436F4B11AC6F82800A68887 /* Sources */,
				8436F4B21AC6F82800A68887 /* Frameworks */,
				8436F4B31AC6F82800A68887 /* Resources */,
			);
			buildRules = (
			);
			dependencies = (
				8436F4B71AC6F82800A68887 /* PBXTargetDependency */,
			);
			name = ShipIOTests;
			productName = ShipIOTests;
			productReference = 8436F4B51AC6F82800A68887 /* ShipIOTests.xctest */;
			productType = "com.apple.product-type.bundle.unit-test";
		};
/* End PBXNativeTarget section */

/* Begin PBXProject section */
		8436F4941AC6F82800A68887 /* Project object */ = {
			isa = PBXProject;
			attributes = {
				LastUpgradeCheck = 0620;
				ORGANIZATIONNAME = Admin;
				TargetAttributes = {
					8436F49B1AC6F82800A68887 = {
						CreatedOnToolsVersion = 6.2;
						DevelopmentTeam = GJS77UV44C;
					};
					8436F4B41AC6F82800A68887 = {
						CreatedOnToolsVersion = 6.2;
						TestTargetID = 8436F49B1AC6F82800A68887;
					};
				};
			};
			buildConfigurationList = 8436F4971AC6F82800A68887 /* Build configuration list for PBXProject "ShipIO" */;
			compatibilityVersion = "Xcode 3.2";
			developmentRegion = English;
			hasScannedForEncodings = 0;
			knownRegions = (
				en,
				Base,
			);
			mainGroup = 8436F4931AC6F82800A68887;
			productRefGroup = 8436F49D1AC6F82800A68887 /* Products */;
			projectDirPath = "";
			projectRoot = "";
			targets = (
				8436F49B1AC6F82800A68887 /* ShipIO */,
				8436F4B41AC6F82800A68887 /* ShipIOTests */,
			);
		};
/* End PBXProject section */

/* Begin PBXResourcesBuildPhase section */
		8436F49A1AC6F82800A68887 /* Resources */ = {
			isa = PBXResourcesBuildPhase;
			buildActionMask = 2147483647;
			files = (
				8436F4AB1AC6F82800A68887 /* Main.storyboard in Resources */,
				8436F4B01AC6F82800A68887 /* LaunchScreen.xib in Resources */,
				8436F4AD1AC6F82800A68887 /* Images.xcassets in Resources */,
			);
			runOnlyForDeploymentPostprocessing = 0;
		};
		8436F4B31AC6F82800A68887 /* Resources */ = {
			isa = PBXResourcesBuildPhase;
			buildActionMask = 2147483647;
			files = (
			);
			runOnlyForDeploymentPostprocessing = 0;
		};
/* End PBXResourcesBuildPhase section */

/* Begin PBXShellScriptBuildPhase section */
		F7A08F1038F02BE809F08252 /* Copy Pods Resources */ = {
			isa = PBXShellScriptBuildPhase;
			buildActionMask = 2147483647;
			files = (
			);
			inputPaths = (
			);
			name = "Copy Pods Resources";
			outputPaths = (
			);
			runOnlyForDeploymentPostprocessing = 0;
			shellPath = /bin/sh;
			shellScript = "\"${SRCROOT}/Pods/Target Support Files/Pods-ShipIO/Pods-ShipIO-resources.sh\"\n";
			showEnvVarsInLog = 0;
		};
		FF7744C6CD87708208ED4B66 /* Check Pods Manifest.lock */ = {
			isa = PBXShellScriptBuildPhase;
			buildActionMask = 2147483647;
			files = (
			);
			inputPaths = (
			);
			name = "Check Pods Manifest.lock";
			outputPaths = (
			);
			runOnlyForDeploymentPostprocessing = 0;
			shellPath = /bin/sh;
			shellScript = "diff \"${PODS_ROOT}/../Podfile.lock\" \"${PODS_ROOT}/Manifest.lock\" > /dev/null\nif [[ $? != 0 ]] ; then\n    cat << EOM\nerror: The sandbox is not in sync with the Podfile.lock. Run 'pod install' or update your CocoaPods installation.\nEOM\n    exit 1\nfi\n";
			showEnvVarsInLog = 0;
		};
/* End PBXShellScriptBuildPhase section */

/* Begin PBXSourcesBuildPhase section */
		8436F4981AC6F82800A68887 /* Sources */ = {
			isa = PBXSourcesBuildPhase;
			buildActionMask = 2147483647;
			files = (
				8436F4A81AC6F82800A68887 /* ViewController.m in Sources */,
				8436F4A51AC6F82800A68887 /* AppDelegate.m in Sources */,
				8436F4A21AC6F82800A68887 /* main.m in Sources */,
			);
			runOnlyForDeploymentPostprocessing = 0;
		};
		8436F4B11AC6F82800A68887 /* Sources */ = {
			isa = PBXSourcesBuildPhase;
			buildActionMask = 2147483647;
			files = (
				8436F4BC1AC6F82800A68887 /* ShipIOTests.m in Sources */,
			);
			runOnlyForDeploymentPostprocessing = 0;
		};
/* End PBXSourcesBuildPhase section */

/* Begin PBXTargetDependency section */
		8436F4B71AC6F82800A68887 /* PBXTargetDependency */ = {
			isa = PBXTargetDependency;
			target = 8436F49B1AC6F82800A68887 /* ShipIO */;
			targetProxy = 8436F4B61AC6F82800A68887 /* PBXContainerItemProxy */;
		};
/* End PBXTargetDependency section */

/* Begin PBXVariantGroup section */
		8436F4A91AC6F82800A68887 /* Main.storyboard */ = {
			isa = PBXVariantGroup;
			children = (
				8436F4AA1AC6F82800A68887 /* Base */,
			);
			name = Main.storyboard;
			sourceTree = "<group>";
		};
		8436F4AE1AC6F82800A68887 /* LaunchScreen.xib */ = {
			isa = PBXVariantGroup;
			children = (
				8436F4AF1AC6F82800A68887 /* Base */,
			);
			name = LaunchScreen.xib;
			sourceTree = "<group>";
		};
/* End PBXVariantGroup section */

/* Begin XCBuildConfiguration section */
		8436F4BD1AC6F82800A68887 /* Debug */ = {
			isa = XCBuildConfiguration;
			buildSettings = {
				ALWAYS_SEARCH_USER_PATHS = NO;
				CLANG_CXX_LANGUAGE_STANDARD = "gnu++0x";
				CLANG_CXX_LIBRARY = "libc++";
				CLANG_ENABLE_MODULES = YES;
				CLANG_ENABLE_OBJC_ARC = YES;
				CLANG_WARN_BOOL_CONVERSION = YES;
				CLANG_WARN_CONSTANT_CONVERSION = YES;
				CLANG_WARN_DIRECT_OBJC_ISA_USAGE = YES_ERROR;
				CLANG_WARN_EMPTY_BODY = YES;
				CLANG_WARN_ENUM_CONVERSION = YES;
				CLANG_WARN_INT_CONVERSION = YES;
				CLANG_WARN_OBJC_ROOT_CLASS = YES_ERROR;
				CLANG_WARN_UNREACHABLE_CODE = YES;
				CLANG_WARN__DUPLICATE_METHOD_MATCH = YES;
				"CODE_SIGN_IDENTITY[sdk=iphoneos*]" = "iPhone Developer";
				COPY_PHASE_STRIP = NO;
				ENABLE_STRICT_OBJC_MSGSEND = YES;
				GCC_C_LANGUAGE_STANDARD = gnu99;
				GCC_DYNAMIC_NO_PIC = NO;
				GCC_OPTIMIZATION_LEVEL = 0;
				GCC_PREPROCESSOR_DEFINITIONS = (
					"DEBUG=1",
					"$(inherited)",
				);
				GCC_SYMBOLS_PRIVATE_EXTERN = NO;
				GCC_WARN_64_TO_32_BIT_CONVERSION = YES;
				GCC_WARN_ABOUT_RETURN_TYPE = YES_ERROR;
				GCC_WARN_UNDECLARED_SELECTOR = YES;
				GCC_WARN_UNINITIALIZED_AUTOS = YES_AGGRESSIVE;
				GCC_WARN_UNUSED_FUNCTION = YES;
				GCC_WARN_UNUSED_VARIABLE = YES;
				IPHONEOS_DEPLOYMENT_TARGET = 8.2;
				MTL_ENABLE_DEBUG_INFO = YES;
				ONLY_ACTIVE_ARCH = YES;
				SDKROOT = iphoneos;
				TARGETED_DEVICE_FAMILY = "1,2";
			};
			name = Debug;
		};
		8436F4BE1AC6F82800A68887 /* Release */ = {
			isa = XCBuildConfiguration;
			buildSettings = {
				ALWAYS_SEARCH_USER_PATHS = NO;
				CLANG_CXX_LANGUAGE_STANDARD = "gnu++0x";
				CLANG_CXX_LIBRARY = "libc++";
				CLANG_ENABLE_MODULES = YES;
				CLANG_ENABLE_OBJC_ARC = YES;
				CLANG_WARN_BOOL_CONVERSION = YES;
				CLANG_WARN_CONSTANT_CONVERSION = YES;
				CLANG_WARN_DIRECT_OBJC_ISA_USAGE = YES_ERROR;
				CLANG_WARN_EMPTY_BODY = YES;
				CLANG_WARN_ENUM_CONVERSION = YES;
				CLANG_WARN_INT_CONVERSION = YES;
				CLANG_WARN_OBJC_ROOT_CLASS = YES_ERROR;
				CLANG_WARN_UNREACHABLE_CODE = YES;
				CLANG_WARN__DUPLICATE_METHOD_MATCH = YES;
				"CODE_SIGN_IDENTITY[sdk=iphoneos*]" = "iPhone Developer";
				COPY_PHASE_STRIP = NO;
				ENABLE_NS_ASSERTIONS = NO;
				ENABLE_STRICT_OBJC_MSGSEND = YES;
				GCC_C_LANGUAGE_STANDARD = gnu99;
				GCC_WARN_64_TO_32_BIT_CONVERSION = YES;
				GCC_WARN_ABOUT_RETURN_TYPE = YES_ERROR;
				GCC_WARN_UNDECLARED_SELECTOR = YES;
				GCC_WARN_UNINITIALIZED_AUTOS = YES_AGGRESSIVE;
				GCC_WARN_UNUSED_FUNCTION = YES;
				GCC_WARN_UNUSED_VARIABLE = YES;
				IPHONEOS_DEPLOYMENT_TARGET = 8.2;
				MTL_ENABLE_DEBUG_INFO = NO;
				SDKROOT = iphoneos;
				TARGETED_DEVICE_FAMILY = "1,2";
				VALIDATE_PRODUCT = YES;
			};
			name = Release;
		};
		8436F4C01AC6F82800A68887 /* Debug */ = {
			isa = XCBuildConfiguration;
			baseConfigurationReference = FE5C189B06F28CAA261BD158 /* Pods-ShipIO.debug.xcconfig */;
			buildSettings = {
				ASSETCATALOG_COMPILER_APPICON_NAME = AppIcon;
				CODE_SIGN_IDENTITY = "iPhone Developer";
				"CODE_SIGN_IDENTITY[sdk=iphoneos*]" = "iPhone Developer";
				INFOPLIST_FILE = ShipIO/Info.plist;
				LD_RUNPATH_SEARCH_PATHS = "$(inherited) @executable_path/Frameworks";
				PRODUCT_NAME = "$(TARGET_NAME)";
				PROVISIONING_PROFILE = "7ea44403-0d1c-4590-8eb3-f707c1a1c2fb";
			};
			name = Debug;
		};
		8436F4C11AC6F82800A68887 /* Release */ = {
			isa = XCBuildConfiguration;
			baseConfigurationReference = 3358EF473C4710054A90A055 /* Pods-ShipIO.release.xcconfig */;
			buildSettings = {
				ASSETCATALOG_COMPILER_APPICON_NAME = AppIcon;
				CODE_SIGN_IDENTITY = "iPhone Developer: Jean-Rene Carle-Mossdorf (S3B7Z736KN)";
				"CODE_SIGN_IDENTITY[sdk=iphoneos*]" = "iPhone Developer: Jean-Rene Carle-Mossdorf (S3B7Z736KN)";
				INFOPLIST_FILE = ShipIO/Info.plist;
				LD_RUNPATH_SEARCH_PATHS = "$(inherited) @executable_path/Frameworks";
				PRODUCT_NAME = "$(TARGET_NAME)";
				PROVISIONING_PROFILE = "7ea44403-0d1c-4590-8eb3-f707c1a1c2fb";
			};
			name = Release;
		};
		8436F4C31AC6F82800A68887 /* Debug */ = {
			isa = XCBuildConfiguration;
			buildSettings = {
				BUNDLE_LOADER = "$(TEST_HOST)";
				FRAMEWORK_SEARCH_PATHS = (
					"$(SDKROOT)/Developer/Library/Frameworks",
					"$(inherited)",
				);
				GCC_PREPROCESSOR_DEFINITIONS = (
					"DEBUG=1",
					"$(inherited)",
				);
				INFOPLIST_FILE = ShipIOTests/Info.plist;
				LD_RUNPATH_SEARCH_PATHS = "$(inherited) @executable_path/Frameworks @loader_path/Frameworks";
				PRODUCT_NAME = "$(TARGET_NAME)";
				TEST_HOST = "$(BUILT_PRODUCTS_DIR)/ShipIO.app/ShipIO";
			};
			name = Debug;
		};
		8436F4C41AC6F82800A68887 /* Release */ = {
			isa = XCBuildConfiguration;
			buildSettings = {
				BUNDLE_LOADER = "$(TEST_HOST)";
				FRAMEWORK_SEARCH_PATHS = (
					"$(SDKROOT)/Developer/Library/Frameworks",
					"$(inherited)",
				);
				INFOPLIST_FILE = ShipIOTests/Info.plist;
				LD_RUNPATH_SEARCH_PATHS = "$(inherited) @executable_path/Frameworks @loader_path/Frameworks";
				PRODUCT_NAME = "$(TARGET_NAME)";
				TEST_HOST = "$(BUILT_PRODUCTS_DIR)/ShipIO.app/ShipIO";
			};
			name = Release;
		};
/* End XCBuildConfiguration section */

/* Begin XCConfigurationList section */
		8436F4971AC6F82800A68887 /* Build configuration list for PBXProject "ShipIO" */ = {
			isa = XCConfigurationList;
			buildConfigurations = (
				8436F4BD1AC6F82800A68887 /* Debug */,
				8436F4BE1AC6F82800A68887 /* Release */,
			);
			defaultConfigurationIsVisible = 0;
			defaultConfigurationName = Release;
		};
		8436F4BF1AC6F82800A68887 /* Build configuration list for PBXNativeTarget "ShipIO" */ = {
			isa = XCConfigurationList;
			buildConfigurations = (
				8436F4C01AC6F82800A68887 /* Debug */,
				8436F4C11AC6F82800A68887 /* Release */,
			);
			defaultConfigurationIsVisible = 0;
			defaultConfigurationName = Release;
		};
		8436F4C21AC6F82800A68887 /* Build configuration list for PBXNativeTarget "ShipIOTests" */ = {
			isa = XCConfigurationList;
			buildConfigurations = (
				8436F4C31AC6F82800A68887 /* Debug */,
				8436F4C41AC6F82800A68887 /* Release */,
			);
			defaultConfigurationIsVisible = 0;
			defaultConfigurationName = Release;
		};
/* End XCConfigurationList section */
	};
	rootObject = 8436F4941AC6F82800A68887 /* Project object */;
}
